
Microsoft Visual Studio Solution File, Format Version 12.00
# Visual Studio Version 16
VisualStudioVersion = 16.0.32228.343
MinimumVisualStudioVersion = 10.0.40219.1
Project("{FAE04EC0-301F-11D3-BF4B-00C04F79EFBC}") = "ControleHoras", "ControleHoras\ControleHoras.csproj", "{DAAC507C-68F4-4DF9-91B5-9A5752771A63}"
EndProject
Global
	GlobalSection(SolutionConfigurationPlatforms) = preSolution
		Debug|Any CPU = Debug|Any CPU
		Release|Any CPU = Release|Any CPU
	EndGlobalSection
	GlobalSection(ProjectConfigurationPlatforms) = postSolution
		{DAAC507C-68F4-4DF9-91B5-9A5752771A63}.Debug|Any CPU.ActiveCfg = Debug|Any CPU
		{DAAC507C-68F4-4DF9-91B5-9A5752771A63}.Debug|Any CPU.Build.0 = Debug|Any CPU
		{DAAC507C-68F4-4DF9-91B5-9A5752771A63}.Release|Any CPU.ActiveCfg = Release|Any CPU
		{DAAC507C-68F4-4DF9-91B5-9A5752771A63}.Release|Any CPU.Build.0 = Release|Any CPU
	EndGlobalSection
	GlobalSection(SolutionProperties) = preSolution
		HideSolutionNode = FALSE
	EndGlobalSection
	GlobalSection(ExtensibilityGlobals) = postSolution
		SolutionGuid = {0BB6BF23-E950-4F3B-A722-070E8E42082F}
	EndGlobalSection
EndGlobal
